<?xml version="1.0" encoding="utf-8"?>
<Project ToolsVersion="4.0" xmlns="http://schemas.microsoft.com/developer/msbuild/2003">
  <ItemGroup>
    <Filter Include="Headers">
      <UniqueIdentifier>{93995380-89BD-4b04-88EB-625FBE52EBFB}</UniqueIdentifier>
      <Extensions>h;hh;hpp;hxx;h++;hm;inl;inc;ipp;xsd</Extensions>
    </Filter>
    <Filter Include="Sources">
      <UniqueIdentifier>{4FC737F1-C7A5-4376-A066-2A32D752A2FF}</UniqueIdentifier>
      <Extensions>cpp;c;cc;cxx;c++;cppm;ixx;def;odl;idl;hpj;bat;asm;asmx</Extensions>
    </Filter>
    <Filter Include="RC">
      <UniqueIdentifier>{67DA6AB6-F800-4c08-8B7A-83BB121AAD01}</UniqueIdentifier>
      <Extensions>rc;ico;cur;bmp;dlg;rc2;rct;bin;rgs;gif;jpg;jpeg;jpe;resx;tiff;tif;png;wav;mfcribbon-ms</Extensions>
    </Filter>
    <Filter Include="RC\icons">
      <UniqueIdentifier>{b4a51450-6ef8-481d-a95b-51012e2e024e}</UniqueIdentifier>
    </Filter>
  </ItemGroup>
  <ItemGroup>
    <ResourceCompile Include="nuklear.rc">
      <Filter>RC</Filter>
    </ResourceCompile>
  </ItemGroup>
  <ItemGroup>
    <Image Include="nuklear.ico">
      <Filter>RC</Filter>
    </Image>
    <Image Include="icons\cd.png">
      <Filter>RC\icons</Filter>
    </Image>
    <Image Include="icons\copy.png">
      <Filter>RC\icons</Filter>
    </Image>
    <Image Include="icons\cpu.png">
      <Filter>RC\icons</Filter>
    </Image>
    <Image Include="icons\dir.png">
      <Filter>RC\icons</Filter>
    </Image>
    <Image Include="icons\disk.png">
      <Filter>RC\icons</Filter>
    </Image>
    <Image Include="icons\edit.png">
      <Filter>RC\icons</Filter>
    </Image>
    <Image Include="icons\eth.png">
      <Filter>RC\icons</Filter>
    </Image>
    <Image Include="icons\firmware.png">
      <Filter>RC\icons</Filter>
    </Image>
    <Image Include="icons\floppy.png">
      <Filter>RC\icons</Filter>
    </Image>
    <Image Include="icons\info.png">
      <Filter>RC\icons</Filter>
    </Image>
    <Image Include="icons\memory.png">
      <Filter>RC\icons</Filter>
    </Image>
    <Image Include="icons\network.png">
      <Filter>RC\icons</Filter>
    </Image>
    <Image Include="icons\pc.png">
      <Filter>RC\icons</Filter>
    </Image>
    <Image Include="icons\pci.png">
      <Filter>RC\icons</Filter>
    </Image>
    <Image Include="icons\qemu.png">
      <Filter>RC\icons</Filter>
    </Image>
    <Image Include="icons\refresh.png">
      <Filter>RC\icons</Filter>
    </Image>
    <Image Include="icons\start.png">
      <Filter>RC\icons</Filter>
    </Image>
    <Image Include="icons\usb.png">
      <Filter>RC\icons</Filter>
    </Image>
    <Image Include="icons\warn.png">
      <Filter>RC\icons</Filter>
    </Image>
    <Image Include="icons\admin.png">
      <Filter>RC\icons</Filter>
    </Image>
    <Image Include="icons\audio.png">
      <Filter>RC\icons</Filter>
    </Image>
    <Image Include="icons\close.png">
      <Filter>RC\icons</Filter>
    </Image>
    <Image Include="icons\minimize.png">
      <Filter>RC\icons</Filter>
    </Image>
    <Image Include="icons\maximize.png">
      <Filter>RC\icons</Filter>
    </Image>
    <Image Include="icons\add.png">
      <Filter>RC\icons</Filter>
    </Image>
    <Image Include="icons\remove.png">
      <Filter>RC\icons</Filter>
    </Image>
    <Image Include="icons\storage.png">
      <Filter>RC\icons</Filter>
    </Image>
    <Image Include="icons\display.png">
      <Filter>RC\icons</Filter>
    </Image>
    <Image Include="icons\down.png">
      <Filter>RC\icons</Filter>
    </Image>
    <Image Include="icons\halt.png">
      <Filter>RC\icons</Filter>
    </Image>
    <Image Include="icons\camera.png">
      <Filter>RC\icons</Filter>
    </Image>
    <Image Include="icons\dice.png">
      <Filter>RC\icons</Filter>
    </Image>
    <Image Include="icons\vm.png">
      <Filter>RC\icons</Filter>
    </Image>
  </ItemGroup>
  <ItemGroup>
    <None Include="packages.config" />
  </ItemGroup>
  <ItemGroup>
    <ClCompile Include="src\cmdline.c">
      <Filter>Sources</Filter>
    </ClCompile>
    <ClCompile Include="src\dev.c">
      <Filter>Sources</Filter>
    </ClCompile>
    <ClCompile Include="src\gettext.c">
      <Filter>Sources</Filter>
    </ClCompile>
    <ClCompile Include="src\ini.c">
      <Filter>Sources</Filter>
    </ClCompile>
    <ClCompile Include="src\main.c">
      <Filter>Sources</Filter>
    </ClCompile>
    <ClCompile Include="src\nkctx.c">
      <Filter>Sources</Filter>
    </ClCompile>
    <ClCompile Include="src\nuklear.c">
      <Filter>Sources</Filter>
    </ClCompile>
    <ClCompile Include="src\open_dialog.c">
      <Filter>Sources</Filter>
    </ClCompile>
    <ClCompile Include="src\ui.c">
      <Filter>Sources</Filter>
    </ClCompile>
    <ClCompile Include="src\ui_boot.c">
      <Filter>Sources</Filter>
    </ClCompile>
    <ClCompile Include="src\ui_cpu.c">
      <Filter>Sources</Filter>
    </ClCompile>
    <ClCompile Include="src\ui_dev.c">
      <Filter>Sources</Filter>
    </ClCompile>
    <ClCompile Include="src\ui_dir.c">
      <Filter>Sources</Filter>
    </ClCompile>
    <ClCompile Include="src\ui_start.c">
      <Filter>Sources</Filter>
    </ClCompile>
    <ClCompile Include="src\ui_fw.c">
      <Filter>Sources</Filter>
    </ClCompile>
    <ClCompile Include="src\ui_hdb.c">
      <Filter>Sources</Filter>
    </ClCompile>
    <ClCompile Include="src\ui_mem.c">
      <Filter>Sources</Filter>
    </ClCompile>
    <ClCompile Include="src\ui_end.c">
      <Filter>Sources</Filter>
    </ClCompile>
    <ClCompile Include="src\lodepng.c">
      <Filter>Sources</Filter>
    </ClCompile>
  </ItemGroup>
  <ItemGroup>
    <ClInclude Include="include\cmdline.h">
      <Filter>Headers</Filter>
    </ClInclude>
    <ClInclude Include="include\dev.h">
      <Filter>Headers</Filter>
    </ClInclude>
    <ClInclude Include="include\gettext.h">
      <Filter>Headers</Filter>
    </ClInclude>
    <ClInclude Include="include\ini.h">
      <Filter>Headers</Filter>
    </ClInclude>
    <ClInclude Include="include\nkctx.h">
      <Filter>Headers</Filter>
    </ClInclude>
    <ClInclude Include="include\nkctx_priv.h">
      <Filter>Headers</Filter>
    </ClInclude>
    <ClInclude Include="include\nuklear.h">
      <Filter>Headers</Filter>
    </ClInclude>
    <ClInclude Include="include\nuklear_gdip.h">
      <Filter>Headers</Filter>
    </ClInclude>
    <ClInclude Include="include\ui.h">
      <Filter>Headers</Filter>
    </ClInclude>
    <ClInclude Include="include\version.h">
      <Filter>Headers</Filter>
    </ClInclude>
    <ClInclude Include="resource.h">
      <Filter>Headers</Filter>
    </ClInclude>
    <ClInclude Include="include\lodepng.h">
      <Filter>Headers</Filter>
    </ClInclude>
  </ItemGroup>
</Project>